
Microsoft Visual Studio Solution File, Format Version 12.00
# Visual Studio Version 17
VisualStudioVersion = 17.8.34408.163
MinimumVisualStudioVersion = 10.0.40219.1
Project("{FAE04EC0-301F-11D3-BF4B-00C04F79EFBC}") = "MartynovMTS", "MartynovMTS\MartynovMTS.csproj", "{52740DA4-376A-45FF-A93E-65D57D943BD5}"
EndProject
Global
	GlobalSection(SolutionConfigurationPlatforms) = preSolution
		Debug|Any CPU = Debug|Any CPU
		Release|Any CPU = Release|Any CPU
	EndGlobalSection
	GlobalSection(ProjectConfigurationPlatforms) = postSolution
		{52740DA4-376A-45FF-A93E-65D57D943BD5}.Debug|Any CPU.ActiveCfg = Debug|Any CPU
		{52740DA4-376A-45FF-A93E-65D57D943BD5}.Debug|Any CPU.Build.0 = Debug|Any CPU
		{52740DA4-376A-45FF-A93E-65D57D943BD5}.Release|Any CPU.ActiveCfg = Release|Any CPU
		{52740DA4-376A-45FF-A93E-65D57D943BD5}.Release|Any CPU.Build.0 = Release|Any CPU
	EndGlobalSection
	GlobalSection(SolutionProperties) = preSolution
		HideSolutionNode = FALSE
	EndGlobalSection
	GlobalSection(ExtensibilityGlobals) = postSolution
		SolutionGuid = {8A0E0852-2163-43B4-BFD3-004DF549344E}
	EndGlobalSection
EndGlobal
